
Microsoft Visual Studio Solution File, Format Version 12.00
Project("{FAE04EC0-301F-11D3-BF4B-00C04F79EFBC}") = "MessageService", "MessageService\MessageService.csproj", "{A54DC91F-73E7-48A8-A80B-CE6F3E649819}"
EndProject
Global
	GlobalSection(SolutionConfigurationPlatforms) = preSolution
		Debug|Any CPU = Debug|Any CPU
		Release|Any CPU = Release|Any CPU
	EndGlobalSection
	GlobalSection(ProjectConfigurationPlatforms) = postSolution
		{A54DC91F-73E7-48A8-A80B-CE6F3E649819}.Debug|Any CPU.ActiveCfg = Debug|Any CPU
		{A54DC91F-73E7-48A8-A80B-CE6F3E649819}.Debug|Any CPU.Build.0 = Debug|Any CPU
		{A54DC91F-73E7-48A8-A80B-CE6F3E649819}.Release|Any CPU.ActiveCfg = Release|Any CPU
		{A54DC91F-73E7-48A8-A80B-CE6F3E649819}.Release|Any CPU.Build.0 = Release|Any CPU
	EndGlobalSection
EndGlobal
